{
  "name": "hellonpm",
  "version": "1.0.0",
  "lockfileVersion": 2,
  "requires": true,
  "packages": {
    "": {
      "version": "1.0.0",
      "license": "ISC",
      "dependencies": {
        "s-ago": "^2.2.0"
      }
    },
    "node_modules/s-ago": {
      "version": "2.2.0",
      "resolved": "https://registry.npmjs.org/s-ago/-/s-ago-2.2.0.tgz",
      "integrity": "sha512-t6Q/aFCCJSBf5UUkR/WH0mDHX8EGm2IBQ7nQLobVLsdxOlkryYMbOlwu2D4Cf7jPUp0v1LhfPgvIZNoi9k8lUA=="
    }
  },
  "dependencies": {
    "s-ago": {
      "version": "2.2.0",
      "resolved": "https://registry.npmjs.org/s-ago/-/s-ago-2.2.0.tgz",
      "integrity": "sha512-t6Q/aFCCJSBf5UUkR/WH0mDHX8EGm2IBQ7nQLobVLsdxOlkryYMbOlwu2D4Cf7jPUp0v1LhfPgvIZNoi9k8lUA=="
    }
  }
}
